
Microsoft Visual Studio Solution File, Format Version 12.00
# Visual Studio Version 16
VisualStudioVersion = 16.0.29102.190
MinimumVisualStudioVersion = 10.0.40219.1
Project("{FAE04EC0-301F-11D3-BF4B-00C04F79EFBC}") = "COMP123-S2019-BMI-Calc", "COMP123-S2019-BMI-Calc\COMP123-S2019-BMI-Calc.csproj", "{D3291315-BD7F-4A47-899E-34CA5FDDBA27}"
EndProject
Global
	GlobalSection(SolutionConfigurationPlatforms) = preSolution
		Debug|Any CPU = Debug|Any CPU
		Release|Any CPU = Release|Any CPU
	EndGlobalSection
	GlobalSection(ProjectConfigurationPlatforms) = postSolution
		{D3291315-BD7F-4A47-899E-34CA5FDDBA27}.Debug|Any CPU.ActiveCfg = Debug|Any CPU
		{D3291315-BD7F-4A47-899E-34CA5FDDBA27}.Debug|Any CPU.Build.0 = Debug|Any CPU
		{D3291315-BD7F-4A47-899E-34CA5FDDBA27}.Release|Any CPU.ActiveCfg = Release|Any CPU
		{D3291315-BD7F-4A47-899E-34CA5FDDBA27}.Release|Any CPU.Build.0 = Release|Any CPU
	EndGlobalSection
	GlobalSection(SolutionProperties) = preSolution
		HideSolutionNode = FALSE
	EndGlobalSection
	GlobalSection(ExtensibilityGlobals) = postSolution
		SolutionGuid = {5DCA710A-ED87-4CC1-A6AF-484FE73510D3}
	EndGlobalSection
EndGlobal
